
Microsoft Visual Studio Solution File, Format Version 12.00
# Visual Studio 15
Project("{FAE04EC0-301F-11D3-BF4B-00C04F79EFBC}") = "Assembly-CSharp", "Assembly-CSharp.csproj", "{9AB313A6-D97D-51A8-EAE4-A873ED99AB50}"
EndProject
Project("{FAE04EC0-301F-11D3-BF4B-00C04F79EFBC}") = "Assembly-CSharp-Editor", "Assembly-CSharp-Editor.csproj", "{56051910-FCE3-2EE9-CC90-ABFB041DB2CA}"
EndProject
Global
	GlobalSection(SolutionConfigurationPlatforms) = preSolution
		Debug|Any CPU = Debug|Any CPU
		Release|Any CPU = Release|Any CPU
	EndGlobalSection
	GlobalSection(ProjectConfigurationPlatforms) = postSolution
		{9AB313A6-D97D-51A8-EAE4-A873ED99AB50}.Debug|Any CPU.ActiveCfg = Debug|Any CPU
		{9AB313A6-D97D-51A8-EAE4-A873ED99AB50}.Debug|Any CPU.Build.0 = Debug|Any CPU
		{9AB313A6-D97D-51A8-EAE4-A873ED99AB50}.Release|Any CPU.ActiveCfg = Release|Any CPU
		{9AB313A6-D97D-51A8-EAE4-A873ED99AB50}.Release|Any CPU.Build.0 = Release|Any CPU
		{56051910-FCE3-2EE9-CC90-ABFB041DB2CA}.Debug|Any CPU.ActiveCfg = Debug|Any CPU
		{56051910-FCE3-2EE9-CC90-ABFB041DB2CA}.Debug|Any CPU.Build.0 = Debug|Any CPU
		{56051910-FCE3-2EE9-CC90-ABFB041DB2CA}.Release|Any CPU.ActiveCfg = Release|Any CPU
		{56051910-FCE3-2EE9-CC90-ABFB041DB2CA}.Release|Any CPU.Build.0 = Release|Any CPU
	EndGlobalSection
	GlobalSection(SolutionProperties) = preSolution
		HideSolutionNode = FALSE
	EndGlobalSection
EndGlobal
